
Microsoft Visual Studio Solution File, Format Version 12.00
# Visual Studio Version 16
VisualStudioVersion = 16.0.30621.155
MinimumVisualStudioVersion = 10.0.40219.1
Project("{FAE04EC0-301F-11D3-BF4B-00C04F79EFBC}") = "VRPApplicationCERG.Android", "VRPApplicationCERG\VRPApplicationCERG.Android\VRPApplicationCERG.Android.csproj", "{D5CE3CCA-95CD-4135-91EF-30353947912A}"
EndProject
Project("{FAE04EC0-301F-11D3-BF4B-00C04F79EFBC}") = "VRPApplicationCERG.iOS", "VRPApplicationCERG\VRPApplicationCERG.iOS\VRPApplicationCERG.iOS.csproj", "{31D64E96-AA88-40F1-8EF3-FA4C6A06E22C}"
EndProject
Project("{9A19103F-16F7-4668-BE54-9A1E7A4F7556}") = "VRPApplicationCERG", "VRPApplicationCERG\VRPApplicationCERG\VRPApplicationCERG.csproj", "{4151468A-524D-4298-BF59-BA2BB6EB8BFE}"
EndProject
Global
	GlobalSection(SolutionConfigurationPlatforms) = preSolution
		Debug|Any CPU = Debug|Any CPU
		Debug|iPhone = Debug|iPhone
		Debug|iPhoneSimulator = Debug|iPhoneSimulator
		Release|Any CPU = Release|Any CPU
		Release|iPhone = Release|iPhone
		Release|iPhoneSimulator = Release|iPhoneSimulator
	EndGlobalSection
	GlobalSection(ProjectConfigurationPlatforms) = postSolution
		{D5CE3CCA-95CD-4135-91EF-30353947912A}.Debug|Any CPU.ActiveCfg = Debug|Any CPU
		{D5CE3CCA-95CD-4135-91EF-30353947912A}.Debug|Any CPU.Build.0 = Debug|Any CPU
		{D5CE3CCA-95CD-4135-91EF-30353947912A}.Debug|Any CPU.Deploy.0 = Debug|Any CPU
		{D5CE3CCA-95CD-4135-91EF-30353947912A}.Debug|iPhone.ActiveCfg = Debug|Any CPU
		{D5CE3CCA-95CD-4135-91EF-30353947912A}.Debug|iPhone.Build.0 = Debug|Any CPU
		{D5CE3CCA-95CD-4135-91EF-30353947912A}.Debug|iPhone.Deploy.0 = Debug|Any CPU
		{D5CE3CCA-95CD-4135-91EF-30353947912A}.Debug|iPhoneSimulator.ActiveCfg = Debug|Any CPU
		{D5CE3CCA-95CD-4135-91EF-30353947912A}.Debug|iPhoneSimulator.Build.0 = Debug|Any CPU
		{D5CE3CCA-95CD-4135-91EF-30353947912A}.Debug|iPhoneSimulator.Deploy.0 = Debug|Any CPU
		{D5CE3CCA-95CD-4135-91EF-30353947912A}.Release|Any CPU.ActiveCfg = Release|Any CPU
		{D5CE3CCA-95CD-4135-91EF-30353947912A}.Release|Any CPU.Build.0 = Release|Any CPU
		{D5CE3CCA-95CD-4135-91EF-30353947912A}.Release|Any CPU.Deploy.0 = Release|Any CPU
		{D5CE3CCA-95CD-4135-91EF-30353947912A}.Release|iPhone.ActiveCfg = Release|Any CPU
		{D5CE3CCA-95CD-4135-91EF-30353947912A}.Release|iPhone.Build.0 = Release|Any CPU
		{D5CE3CCA-95CD-4135-91EF-30353947912A}.Release|iPhone.Deploy.0 = Release|Any CPU
		{D5CE3CCA-95CD-4135-91EF-30353947912A}.Release|iPhoneSimulator.ActiveCfg = Release|Any CPU
		{D5CE3CCA-95CD-4135-91EF-30353947912A}.Release|iPhoneSimulator.Build.0 = Release|Any CPU
		{D5CE3CCA-95CD-4135-91EF-30353947912A}.Release|iPhoneSimulator.Deploy.0 = Release|Any CPU
		{31D64E96-AA88-40F1-8EF3-FA4C6A06E22C}.Debug|Any CPU.ActiveCfg = Debug|iPhone
		{31D64E96-AA88-40F1-8EF3-FA4C6A06E22C}.Debug|Any CPU.Build.0 = Debug|iPhone
		{31D64E96-AA88-40F1-8EF3-FA4C6A06E22C}.Debug|Any CPU.Deploy.0 = Debug|iPhone
		{31D64E96-AA88-40F1-8EF3-FA4C6A06E22C}.Debug|iPhone.ActiveCfg = Debug|iPhone
		{31D64E96-AA88-40F1-8EF3-FA4C6A06E22C}.Debug|iPhone.Build.0 = Debug|iPhone
		{31D64E96-AA88-40F1-8EF3-FA4C6A06E22C}.Debug|iPhone.Deploy.0 = Debug|iPhone
		{31D64E96-AA88-40F1-8EF3-FA4C6A06E22C}.Debug|iPhoneSimulator.ActiveCfg = Debug|iPhoneSimulator
		{31D64E96-AA88-40F1-8EF3-FA4C6A06E22C}.Debug|iPhoneSimulator.Build.0 = Debug|iPhoneSimulator
		{31D64E96-AA88-40F1-8EF3-FA4C6A06E22C}.Debug|iPhoneSimulator.Deploy.0 = Debug|iPhoneSimulator
		{31D64E96-AA88-40F1-8EF3-FA4C6A06E22C}.Release|Any CPU.ActiveCfg = Release|iPhoneSimulator
		{31D64E96-AA88-40F1-8EF3-FA4C6A06E22C}.Release|Any CPU.Build.0 = Release|iPhoneSimulator
		{31D64E96-AA88-40F1-8EF3-FA4C6A06E22C}.Release|Any CPU.Deploy.0 = Release|iPhoneSimulator
		{31D64E96-AA88-40F1-8EF3-FA4C6A06E22C}.Release|iPhone.ActiveCfg = Release|iPhone
		{31D64E96-AA88-40F1-8EF3-FA4C6A06E22C}.Release|iPhone.Build.0 = Release|iPhone
		{31D64E96-AA88-40F1-8EF3-FA4C6A06E22C}.Release|iPhone.Deploy.0 = Release|iPhone
		{31D64E96-AA88-40F1-8EF3-FA4C6A06E22C}.Release|iPhoneSimulator.ActiveCfg = Release|iPhoneSimulator
		{31D64E96-AA88-40F1-8EF3-FA4C6A06E22C}.Release|iPhoneSimulator.Build.0 = Release|iPhoneSimulator
		{31D64E96-AA88-40F1-8EF3-FA4C6A06E22C}.Release|iPhoneSimulator.Deploy.0 = Release|iPhoneSimulator
		{4151468A-524D-4298-BF59-BA2BB6EB8BFE}.Debug|Any CPU.ActiveCfg = Debug|Any CPU
		{4151468A-524D-4298-BF59-BA2BB6EB8BFE}.Debug|Any CPU.Build.0 = Debug|Any CPU
		{4151468A-524D-4298-BF59-BA2BB6EB8BFE}.Debug|Any CPU.Deploy.0 = Debug|Any CPU
		{4151468A-524D-4298-BF59-BA2BB6EB8BFE}.Debug|iPhone.ActiveCfg = Debug|Any CPU
		{4151468A-524D-4298-BF59-BA2BB6EB8BFE}.Debug|iPhone.Build.0 = Debug|Any CPU
		{4151468A-524D-4298-BF59-BA2BB6EB8BFE}.Debug|iPhone.Deploy.0 = Debug|Any CPU
		{4151468A-524D-4298-BF59-BA2BB6EB8BFE}.Debug|iPhoneSimulator.ActiveCfg = Debug|Any CPU
		{4151468A-524D-4298-BF59-BA2BB6EB8BFE}.Debug|iPhoneSimulator.Build.0 = Debug|Any CPU
		{4151468A-524D-4298-BF59-BA2BB6EB8BFE}.Debug|iPhoneSimulator.Deploy.0 = Debug|Any CPU
		{4151468A-524D-4298-BF59-BA2BB6EB8BFE}.Release|Any CPU.ActiveCfg = Release|Any CPU
		{4151468A-524D-4298-BF59-BA2BB6EB8BFE}.Release|Any CPU.Build.0 = Release|Any CPU
		{4151468A-524D-4298-BF59-BA2BB6EB8BFE}.Release|Any CPU.Deploy.0 = Release|Any CPU
		{4151468A-524D-4298-BF59-BA2BB6EB8BFE}.Release|iPhone.ActiveCfg = Release|Any CPU
		{4151468A-524D-4298-BF59-BA2BB6EB8BFE}.Release|iPhone.Build.0 = Release|Any CPU
		{4151468A-524D-4298-BF59-BA2BB6EB8BFE}.Release|iPhone.Deploy.0 = Release|Any CPU
		{4151468A-524D-4298-BF59-BA2BB6EB8BFE}.Release|iPhoneSimulator.ActiveCfg = Release|Any CPU
		{4151468A-524D-4298-BF59-BA2BB6EB8BFE}.Release|iPhoneSimulator.Build.0 = Release|Any CPU
		{4151468A-524D-4298-BF59-BA2BB6EB8BFE}.Release|iPhoneSimulator.Deploy.0 = Release|Any CPU
	EndGlobalSection
	GlobalSection(SolutionProperties) = preSolution
		HideSolutionNode = FALSE
	EndGlobalSection
	GlobalSection(ExtensibilityGlobals) = postSolution
		SolutionGuid = {47D4DF2C-7EAE-4397-9D57-C96C385BC9EB}
	EndGlobalSection
EndGlobal
